
Microsoft Visual Studio Solution File, Format Version 12.00
# Visual Studio Version 16
VisualStudioVersion = 16.0.32802.440
MinimumVisualStudioVersion = 10.0.40219.1
Project("{FAE04EC0-301F-11D3-BF4B-00C04F79EFBC}") = "SimpleBankingSystem", "SimpleBankingSystem\SimpleBankingSystem.csproj", "{CB672E8C-4317-41AA-81B8-7AE7B0C4FAD1}"
EndProject
Global
	GlobalSection(SolutionConfigurationPlatforms) = preSolution
		Debug|Any CPU = Debug|Any CPU
		Release|Any CPU = Release|Any CPU
	EndGlobalSection
	GlobalSection(ProjectConfigurationPlatforms) = postSolution
		{CB672E8C-4317-41AA-81B8-7AE7B0C4FAD1}.Debug|Any CPU.ActiveCfg = Debug|Any CPU
		{CB672E8C-4317-41AA-81B8-7AE7B0C4FAD1}.Debug|Any CPU.Build.0 = Debug|Any CPU
		{CB672E8C-4317-41AA-81B8-7AE7B0C4FAD1}.Release|Any CPU.ActiveCfg = Release|Any CPU
		{CB672E8C-4317-41AA-81B8-7AE7B0C4FAD1}.Release|Any CPU.Build.0 = Release|Any CPU
	EndGlobalSection
	GlobalSection(SolutionProperties) = preSolution
		HideSolutionNode = FALSE
	EndGlobalSection
	GlobalSection(ExtensibilityGlobals) = postSolution
		SolutionGuid = {1D27398B-1FAD-4A2B-BD7D-41DFBF5ABA9D}
	EndGlobalSection
EndGlobal
